
Microsoft Visual Studio Solution File, Format Version 12.00
# Visual Studio Version 16
VisualStudioVersion = 16.0.31702.278
MinimumVisualStudioVersion = 10.0.40219.1
Project("{9A19103F-16F7-4668-BE54-9A1E7A4F7556}") = "CursoMVC", "CursoMVC\CursoMVC.csproj", "{5AED1F4B-08B8-4B4E-B690-CE40D8499202}"
EndProject
Project("{9A19103F-16F7-4668-BE54-9A1E7A4F7556}") = "CursoAPI", "CursoAPI\CursoAPI.csproj", "{5A4D5318-8ADE-47E8-A366-DEB4FEC72152}"
EndProject
Project("{FAE04EC0-301F-11D3-BF4B-00C04F79EFBC}") = "CursoTest", "CursoTest\CursoTest.csproj", "{912F3AA8-2B56-4F2F-AA65-705FAB21A610}"
EndProject
Global
	GlobalSection(SolutionConfigurationPlatforms) = preSolution
		Debug|Any CPU = Debug|Any CPU
		Release|Any CPU = Release|Any CPU
	EndGlobalSection
	GlobalSection(ProjectConfigurationPlatforms) = postSolution
		{5AED1F4B-08B8-4B4E-B690-CE40D8499202}.Debug|Any CPU.ActiveCfg = Debug|Any CPU
		{5AED1F4B-08B8-4B4E-B690-CE40D8499202}.Debug|Any CPU.Build.0 = Debug|Any CPU
		{5AED1F4B-08B8-4B4E-B690-CE40D8499202}.Release|Any CPU.ActiveCfg = Release|Any CPU
		{5AED1F4B-08B8-4B4E-B690-CE40D8499202}.Release|Any CPU.Build.0 = Release|Any CPU
		{5A4D5318-8ADE-47E8-A366-DEB4FEC72152}.Debug|Any CPU.ActiveCfg = Debug|Any CPU
		{5A4D5318-8ADE-47E8-A366-DEB4FEC72152}.Debug|Any CPU.Build.0 = Debug|Any CPU
		{5A4D5318-8ADE-47E8-A366-DEB4FEC72152}.Release|Any CPU.ActiveCfg = Release|Any CPU
		{5A4D5318-8ADE-47E8-A366-DEB4FEC72152}.Release|Any CPU.Build.0 = Release|Any CPU
		{912F3AA8-2B56-4F2F-AA65-705FAB21A610}.Debug|Any CPU.ActiveCfg = Debug|Any CPU
		{912F3AA8-2B56-4F2F-AA65-705FAB21A610}.Debug|Any CPU.Build.0 = Debug|Any CPU
		{912F3AA8-2B56-4F2F-AA65-705FAB21A610}.Release|Any CPU.ActiveCfg = Release|Any CPU
		{912F3AA8-2B56-4F2F-AA65-705FAB21A610}.Release|Any CPU.Build.0 = Release|Any CPU
	EndGlobalSection
	GlobalSection(SolutionProperties) = preSolution
		HideSolutionNode = FALSE
	EndGlobalSection
	GlobalSection(ExtensibilityGlobals) = postSolution
		SolutionGuid = {C11399A2-EBE0-41C0-8AF0-52D282C32E3F}
	EndGlobalSection
EndGlobal
